
Microsoft Visual Studio Solution File, Format Version 12.00
# Visual Studio Version 17
VisualStudioVersion = 17.14.36511.14 d17.14
MinimumVisualStudioVersion = 10.0.40219.1
Project("{FAE04EC0-301F-11D3-BF4B-00C04F79EFBC}") = "F74111128_2_2", "F74111128_2_2\F74111128_2_2.csproj", "{348F984C-0EA2-4AA5-ADDE-BF42B5442799}"
EndProject
Global
	GlobalSection(SolutionConfigurationPlatforms) = preSolution
		Debug|Any CPU = Debug|Any CPU
		Release|Any CPU = Release|Any CPU
	EndGlobalSection
	GlobalSection(ProjectConfigurationPlatforms) = postSolution
		{348F984C-0EA2-4AA5-ADDE-BF42B5442799}.Debug|Any CPU.ActiveCfg = Debug|Any CPU
		{348F984C-0EA2-4AA5-ADDE-BF42B5442799}.Debug|Any CPU.Build.0 = Debug|Any CPU
		{348F984C-0EA2-4AA5-ADDE-BF42B5442799}.Release|Any CPU.ActiveCfg = Release|Any CPU
		{348F984C-0EA2-4AA5-ADDE-BF42B5442799}.Release|Any CPU.Build.0 = Release|Any CPU
	EndGlobalSection
	GlobalSection(SolutionProperties) = preSolution
		HideSolutionNode = FALSE
	EndGlobalSection
	GlobalSection(ExtensibilityGlobals) = postSolution
		SolutionGuid = {DC863E5E-E484-480F-8174-DB13822816C9}
	EndGlobalSection
EndGlobal
